
Microsoft Visual Studio Solution File, Format Version 12.00
# Visual Studio Version 17
VisualStudioVersion = 17.6.33829.357
MinimumVisualStudioVersion = 10.0.40219.1
Project("{FAE04EC0-301F-11D3-BF4B-00C04F79EFBC}") = "A-22", "A-22\A-22.csproj", "{F90EF5C3-54F1-4277-8049-5DA01A4222C1}"
EndProject
Global
	GlobalSection(SolutionConfigurationPlatforms) = preSolution
		Debug|Any CPU = Debug|Any CPU
		Release|Any CPU = Release|Any CPU
	EndGlobalSection
	GlobalSection(ProjectConfigurationPlatforms) = postSolution
		{F90EF5C3-54F1-4277-8049-5DA01A4222C1}.Debug|Any CPU.ActiveCfg = Debug|Any CPU
		{F90EF5C3-54F1-4277-8049-5DA01A4222C1}.Debug|Any CPU.Build.0 = Debug|Any CPU
		{F90EF5C3-54F1-4277-8049-5DA01A4222C1}.Release|Any CPU.ActiveCfg = Release|Any CPU
		{F90EF5C3-54F1-4277-8049-5DA01A4222C1}.Release|Any CPU.Build.0 = Release|Any CPU
	EndGlobalSection
	GlobalSection(SolutionProperties) = preSolution
		HideSolutionNode = FALSE
	EndGlobalSection
	GlobalSection(ExtensibilityGlobals) = postSolution
		SolutionGuid = {0ED20CCB-58A7-49D4-8DAE-19FB7C4CB872}
	EndGlobalSection
EndGlobal
